
Microsoft Visual Studio Solution File, Format Version 12.00
# Visual Studio 14
VisualStudioVersion = 14.0.25123.0
MinimumVisualStudioVersion = 10.0.40219.1
Project("{FAE04EC0-301F-11D3-BF4B-00C04F79EFBC}") = "VendingMachineTest", "VendingMachine\VendingMachineTest.csproj", "{6CAFCC54-265A-42A6-8653-361927148AB6}"
EndProject
Project("{FAE04EC0-301F-11D3-BF4B-00C04F79EFBC}") = "AutoPark", "AutoPark\AutoPark.csproj", "{E4CA7E18-719A-4E8A-B472-7703809A5FAF}"
EndProject
Project("{FAE04EC0-301F-11D3-BF4B-00C04F79EFBC}") = "AutoParkTests", "AutoParkTests\AutoParkTests.csproj", "{1E4A4578-F31D-42A2-9105-9EB92D726320}"
EndProject
Global
	GlobalSection(SolutionConfigurationPlatforms) = preSolution
		Debug|Any CPU = Debug|Any CPU
		Release|Any CPU = Release|Any CPU
	EndGlobalSection
	GlobalSection(ProjectConfigurationPlatforms) = postSolution
		{6CAFCC54-265A-42A6-8653-361927148AB6}.Debug|Any CPU.ActiveCfg = Debug|Any CPU
		{6CAFCC54-265A-42A6-8653-361927148AB6}.Debug|Any CPU.Build.0 = Debug|Any CPU
		{6CAFCC54-265A-42A6-8653-361927148AB6}.Release|Any CPU.ActiveCfg = Release|Any CPU
		{6CAFCC54-265A-42A6-8653-361927148AB6}.Release|Any CPU.Build.0 = Release|Any CPU
		{E4CA7E18-719A-4E8A-B472-7703809A5FAF}.Debug|Any CPU.ActiveCfg = Debug|Any CPU
		{E4CA7E18-719A-4E8A-B472-7703809A5FAF}.Debug|Any CPU.Build.0 = Debug|Any CPU
		{E4CA7E18-719A-4E8A-B472-7703809A5FAF}.Release|Any CPU.ActiveCfg = Release|Any CPU
		{E4CA7E18-719A-4E8A-B472-7703809A5FAF}.Release|Any CPU.Build.0 = Release|Any CPU
		{1E4A4578-F31D-42A2-9105-9EB92D726320}.Debug|Any CPU.ActiveCfg = Debug|Any CPU
		{1E4A4578-F31D-42A2-9105-9EB92D726320}.Debug|Any CPU.Build.0 = Debug|Any CPU
		{1E4A4578-F31D-42A2-9105-9EB92D726320}.Release|Any CPU.ActiveCfg = Release|Any CPU
		{1E4A4578-F31D-42A2-9105-9EB92D726320}.Release|Any CPU.Build.0 = Release|Any CPU
	EndGlobalSection
	GlobalSection(SolutionProperties) = preSolution
		HideSolutionNode = FALSE
	EndGlobalSection
EndGlobal
